
Microsoft Visual Studio Solution File, Format Version 12.00
# Visual Studio Version 16
VisualStudioVersion = 16.0.30218.91
MinimumVisualStudioVersion = 10.0.40219.1
Project("{8BC9CEB8-8B4A-11D0-8D11-00A0C91BC942}") = "CreateAppShortcut", "CreateAppShortcut\CreateAppShortcut.vcxproj", "{B3BC32C3-8BBE-4493-91F0-DE7B752CF12D}"
EndProject
Global
	GlobalSection(SolutionConfigurationPlatforms) = preSolution
		Debug|x64 = Debug|x64
		Debug|x86 = Debug|x86
		Release|x64 = Release|x64
		Release|x86 = Release|x86
	EndGlobalSection
	GlobalSection(ProjectConfigurationPlatforms) = postSolution
		{B3BC32C3-8BBE-4493-91F0-DE7B752CF12D}.Debug|x64.ActiveCfg = Debug|x64
		{B3BC32C3-8BBE-4493-91F0-DE7B752CF12D}.Debug|x64.Build.0 = Debug|x64
		{B3BC32C3-8BBE-4493-91F0-DE7B752CF12D}.Debug|x86.ActiveCfg = Debug|Win32
		{B3BC32C3-8BBE-4493-91F0-DE7B752CF12D}.Debug|x86.Build.0 = Debug|Win32
		{B3BC32C3-8BBE-4493-91F0-DE7B752CF12D}.Release|x64.ActiveCfg = Release|x64
		{B3BC32C3-8BBE-4493-91F0-DE7B752CF12D}.Release|x64.Build.0 = Release|x64
		{B3BC32C3-8BBE-4493-91F0-DE7B752CF12D}.Release|x86.ActiveCfg = Release|Win32
		{B3BC32C3-8BBE-4493-91F0-DE7B752CF12D}.Release|x86.Build.0 = Release|Win32
	EndGlobalSection
	GlobalSection(SolutionProperties) = preSolution
		HideSolutionNode = FALSE
	EndGlobalSection
	GlobalSection(ExtensibilityGlobals) = postSolution
		SolutionGuid = {2B227FFE-E7BF-4E8C-A411-23D0EEC05967}
	EndGlobalSection
EndGlobal
